
Microsoft Visual Studio Solution File, Format Version 12.00
# Visual Studio 14
VisualStudioVersion = 14.0.25420.1
MinimumVisualStudioVersion = 10.0.40219.1
Project("{FAE04EC0-301F-11D3-BF4B-00C04F79EFBC}") = "GameOverGames", "GameOverGames\GameOverGames.csproj", "{2155B05F-6167-417D-9C17-6C782CC967DB}"
EndProject
Project("{FAE04EC0-301F-11D3-BF4B-00C04F79EFBC}") = "BLL", "BLL\BLL.csproj", "{520EC648-E0E5-4DDA-8615-791E12E27B60}"
EndProject
Project("{FAE04EC0-301F-11D3-BF4B-00C04F79EFBC}") = "DAL", "DAL\DAL.csproj", "{499CE4BF-F986-4DDD-91E2-1B215234D444}"
EndProject
Global
	GlobalSection(SolutionConfigurationPlatforms) = preSolution
		Debug|Any CPU = Debug|Any CPU
		Release|Any CPU = Release|Any CPU
	EndGlobalSection
	GlobalSection(ProjectConfigurationPlatforms) = postSolution
		{2155B05F-6167-417D-9C17-6C782CC967DB}.Debug|Any CPU.ActiveCfg = Debug|Any CPU
		{2155B05F-6167-417D-9C17-6C782CC967DB}.Debug|Any CPU.Build.0 = Debug|Any CPU
		{2155B05F-6167-417D-9C17-6C782CC967DB}.Release|Any CPU.ActiveCfg = Release|Any CPU
		{2155B05F-6167-417D-9C17-6C782CC967DB}.Release|Any CPU.Build.0 = Release|Any CPU
		{520EC648-E0E5-4DDA-8615-791E12E27B60}.Debug|Any CPU.ActiveCfg = Debug|Any CPU
		{520EC648-E0E5-4DDA-8615-791E12E27B60}.Debug|Any CPU.Build.0 = Debug|Any CPU
		{520EC648-E0E5-4DDA-8615-791E12E27B60}.Release|Any CPU.ActiveCfg = Release|Any CPU
		{520EC648-E0E5-4DDA-8615-791E12E27B60}.Release|Any CPU.Build.0 = Release|Any CPU
		{499CE4BF-F986-4DDD-91E2-1B215234D444}.Debug|Any CPU.ActiveCfg = Debug|Any CPU
		{499CE4BF-F986-4DDD-91E2-1B215234D444}.Debug|Any CPU.Build.0 = Debug|Any CPU
		{499CE4BF-F986-4DDD-91E2-1B215234D444}.Release|Any CPU.ActiveCfg = Release|Any CPU
		{499CE4BF-F986-4DDD-91E2-1B215234D444}.Release|Any CPU.Build.0 = Release|Any CPU
	EndGlobalSection
	GlobalSection(SolutionProperties) = preSolution
		HideSolutionNode = FALSE
	EndGlobalSection
EndGlobal
